// !$*UTF8*$!
{
	archiveVersion = 1;
	classes = {
	};
	objectVersion = 46;
	objects = {

/* Begin PBXBuildFile section */
		8181228805CCC31985858F16 /* Pods_ProjectRide.framework in Frameworks */ = {isa = PBXBuildFile; fileRef = E87F2E4251E61CAEBB240A79 /* Pods_ProjectRide.framework */; };
		84876CC6EB6B934102B47F8C /* Pods_ProjectRideTests.framework in Frameworks */ = {isa = PBXBuildFile; fileRef = FBF7A3B649AEFD2825C631C6 /* Pods_ProjectRideTests.framework */; };
		EA5781071DD0D330003170B3 /* Entity.swift in Sources */ = {isa = PBXBuildFile; fileRef = EA5781061DD0D330003170B3 /* Entity.swift */; };
		EA5781091DD0D376003170B3 /* Car.swift in Sources */ = {isa = PBXBuildFile; fileRef = EA5781081DD0D376003170B3 /* Car.swift */; };
		EA57810B1DD0D3AB003170B3 /* CarTests.swift in Sources */ = {isa = PBXBuildFile; fileRef = EA57810A1DD0D3AB003170B3 /* CarTests.swift */; };
		EA76F29A1DCCC879000D5814 /* User.swift in Sources */ = {isa = PBXBuildFile; fileRef = EA76F2991DCCC879000D5814 /* User.swift */; };
		EA76F29C1DCCF4A4000D5814 /* UserTest.swift in Sources */ = {isa = PBXBuildFile; fileRef = EA76F29B1DCCF4A4000D5814 /* UserTest.swift */; };
		EACD4CC51DCBA0C000431684 /* AppDelegate.swift in Sources */ = {isa = PBXBuildFile; fileRef = EACD4CC41DCBA0C000431684 /* AppDelegate.swift */; };
		EACD4CC71DCBA0C000431684 /* ViewController.swift in Sources */ = {isa = PBXBuildFile; fileRef = EACD4CC61DCBA0C000431684 /* ViewController.swift */; };
		EACD4CCA1DCBA0C000431684 /* Main.storyboard in Resources */ = {isa = PBXBuildFile; fileRef = EACD4CC81DCBA0C000431684 /* Main.storyboard */; };
		EACD4CCC1DCBA0C000431684 /* Assets.xcassets in Resources */ = {isa = PBXBuildFile; fileRef = EACD4CCB1DCBA0C000431684 /* Assets.xcassets */; };
		EACD4CCF1DCBA0C000431684 /* LaunchScreen.storyboard in Resources */ = {isa = PBXBuildFile; fileRef = EACD4CCD1DCBA0C000431684 /* LaunchScreen.storyboard */; };
		EACD4CDA1DCBA0C000431684 /* ProjectRideTests.swift in Sources */ = {isa = PBXBuildFile; fileRef = EACD4CD91DCBA0C000431684 /* ProjectRideTests.swift */; };
/* End PBXBuildFile section */

/* Begin PBXContainerItemProxy section */
		EACD4CD61DCBA0C000431684 /* PBXContainerItemProxy */ = {
			isa = PBXContainerItemProxy;
			containerPortal = EACD4CB91DCBA0C000431684 /* Project object */;
			proxyType = 1;
			remoteGlobalIDString = EACD4CC01DCBA0C000431684;
			remoteInfo = ProjectRide;
		};
/* End PBXContainerItemProxy section */

/* Begin PBXFileReference section */
		9D4AD32B2AEDA5D827EEE471 /* Pods-ProjectRide.debug.xcconfig */ = {isa = PBXFileReference; includeInIndex = 1; lastKnownFileType = text.xcconfig; name = "Pods-ProjectRide.debug.xcconfig"; path = "Pods/Target Support Files/Pods-ProjectRide/Pods-ProjectRide.debug.xcconfig"; sourceTree = "<group>"; };
		AF56DCE8A2DF8B2445137836 /* Pods-ProjectRide.release.xcconfig */ = {isa = PBXFileReference; includeInIndex = 1; lastKnownFileType = text.xcconfig; name = "Pods-ProjectRide.release.xcconfig"; path = "Pods/Target Support Files/Pods-ProjectRide/Pods-ProjectRide.release.xcconfig"; sourceTree = "<group>"; };
		C0685A764ACBB2D1DD5150F5 /* Pods-ProjectRideTests.release.xcconfig */ = {isa = PBXFileReference; includeInIndex = 1; lastKnownFileType = text.xcconfig; name = "Pods-ProjectRideTests.release.xcconfig"; path = "Pods/Target Support Files/Pods-ProjectRideTests/Pods-ProjectRideTests.release.xcconfig"; sourceTree = "<group>"; };
		C69173FA6CD369A6E24F77D2 /* Pods-ProjectRideTests.debug.xcconfig */ = {isa = PBXFileReference; includeInIndex = 1; lastKnownFileType = text.xcconfig; name = "Pods-ProjectRideTests.debug.xcconfig"; path = "Pods/Target Support Files/Pods-ProjectRideTests/Pods-ProjectRideTests.debug.xcconfig"; sourceTree = "<group>"; };
		E87F2E4251E61CAEBB240A79 /* Pods_ProjectRide.framework */ = {isa = PBXFileReference; explicitFileType = wrapper.framework; includeInIndex = 0; path = Pods_ProjectRide.framework; sourceTree = BUILT_PRODUCTS_DIR; };
		EA5781061DD0D330003170B3 /* Entity.swift */ = {isa = PBXFileReference; fileEncoding = 4; lastKnownFileType = sourcecode.swift; path = Entity.swift; sourceTree = "<group>"; };
		EA5781081DD0D376003170B3 /* Car.swift */ = {isa = PBXFileReference; fileEncoding = 4; lastKnownFileType = sourcecode.swift; path = Car.swift; sourceTree = "<group>"; };
		EA57810A1DD0D3AB003170B3 /* CarTests.swift */ = {isa = PBXFileReference; fileEncoding = 4; lastKnownFileType = sourcecode.swift; path = CarTests.swift; sourceTree = "<group>"; };
		EA76F2991DCCC879000D5814 /* User.swift */ = {isa = PBXFileReference; fileEncoding = 4; lastKnownFileType = sourcecode.swift; path = User.swift; sourceTree = "<group>"; };
		EA76F29B1DCCF4A4000D5814 /* UserTest.swift */ = {isa = PBXFileReference; fileEncoding = 4; lastKnownFileType = sourcecode.swift; path = UserTest.swift; sourceTree = "<group>"; };
		EACD4CC11DCBA0C000431684 /* ProjectRide.app */ = {isa = PBXFileReference; explicitFileType = wrapper.application; includeInIndex = 0; path = ProjectRide.app; sourceTree = BUILT_PRODUCTS_DIR; };
		EACD4CC41DCBA0C000431684 /* AppDelegate.swift */ = {isa = PBXFileReference; lastKnownFileType = sourcecode.swift; path = AppDelegate.swift; sourceTree = "<group>"; };
		EACD4CC61DCBA0C000431684 /* ViewController.swift */ = {isa = PBXFileReference; lastKnownFileType = sourcecode.swift; path = ViewController.swift; sourceTree = "<group>"; };
		EACD4CC91DCBA0C000431684 /* Base */ = {isa = PBXFileReference; lastKnownFileType = file.storyboard; name = Base; path = Base.lproj/Main.storyboard; sourceTree = "<group>"; };
		EACD4CCB1DCBA0C000431684 /* Assets.xcassets */ = {isa = PBXFileReference; lastKnownFileType = folder.assetcatalog; path = Assets.xcassets; sourceTree = "<group>"; };
		EACD4CCE1DCBA0C000431684 /* Base */ = {isa = PBXFileReference; lastKnownFileType = file.storyboard; name = Base; path = Base.lproj/LaunchScreen.storyboard; sourceTree = "<group>"; };
		EACD4CD01DCBA0C000431684 /* Info.plist */ = {isa = PBXFileReference; lastKnownFileType = text.plist.xml; path = Info.plist; sourceTree = "<group>"; };
		EACD4CD51DCBA0C000431684 /* ProjectRideTests.xctest */ = {isa = PBXFileReference; explicitFileType = wrapper.cfbundle; includeInIndex = 0; path = ProjectRideTests.xctest; sourceTree = BUILT_PRODUCTS_DIR; };
		EACD4CD91DCBA0C000431684 /* ProjectRideTests.swift */ = {isa = PBXFileReference; lastKnownFileType = sourcecode.swift; path = ProjectRideTests.swift; sourceTree = "<group>"; };
		EACD4CDB1DCBA0C000431684 /* Info.plist */ = {isa = PBXFileReference; lastKnownFileType = text.plist.xml; path = Info.plist; sourceTree = "<group>"; };
		FBF7A3B649AEFD2825C631C6 /* Pods_ProjectRideTests.framework */ = {isa = PBXFileReference; explicitFileType = wrapper.framework; includeInIndex = 0; path = Pods_ProjectRideTests.framework; sourceTree = BUILT_PRODUCTS_DIR; };
/* End PBXFileReference section */

/* Begin PBXFrameworksBuildPhase section */
		EACD4CBE1DCBA0C000431684 /* Frameworks */ = {
			isa = PBXFrameworksBuildPhase;
			buildActionMask = 2147483647;
			files = (
				8181228805CCC31985858F16 /* Pods_ProjectRide.framework in Frameworks */,
			);
			runOnlyForDeploymentPostprocessing = 0;
		};
		EACD4CD21DCBA0C000431684 /* Frameworks */ = {
			isa = PBXFrameworksBuildPhase;
			buildActionMask = 2147483647;
			files = (
				84876CC6EB6B934102B47F8C /* Pods_ProjectRideTests.framework in Frameworks */,
			);
			runOnlyForDeploymentPostprocessing = 0;
		};
/* End PBXFrameworksBuildPhase section */

/* Begin PBXGroup section */
		2A74AD0B3B776D9C4D9B5227 /* Frameworks */ = {
			isa = PBXGroup;
			children = (
				E87F2E4251E61CAEBB240A79 /* Pods_ProjectRide.framework */,
				FBF7A3B649AEFD2825C631C6 /* Pods_ProjectRideTests.framework */,
			);
			name = Frameworks;
			sourceTree = "<group>";
		};
		C76B85F3DEBB7B5EEC4B99EE /* Pods */ = {
			isa = PBXGroup;
			children = (
				9D4AD32B2AEDA5D827EEE471 /* Pods-ProjectRide.debug.xcconfig */,
				AF56DCE8A2DF8B2445137836 /* Pods-ProjectRide.release.xcconfig */,
				C69173FA6CD369A6E24F77D2 /* Pods-ProjectRideTests.debug.xcconfig */,
				C0685A764ACBB2D1DD5150F5 /* Pods-ProjectRideTests.release.xcconfig */,
			);
			name = Pods;
			sourceTree = "<group>";
		};
		EA76F2981DCCC86F000D5814 /* Api */ = {
			isa = PBXGroup;
			children = (
				EA5781061DD0D330003170B3 /* Entity.swift */,
				EA76F2991DCCC879000D5814 /* User.swift */,
				EA5781081DD0D376003170B3 /* Car.swift */,
			);
			name = Api;
			sourceTree = "<group>";
		};
		EACD4CB81DCBA0C000431684 = {
			isa = PBXGroup;
			children = (
				EACD4CC31DCBA0C000431684 /* ProjectRide */,
				EACD4CD81DCBA0C000431684 /* ProjectRideTests */,
				EACD4CC21DCBA0C000431684 /* Products */,
				C76B85F3DEBB7B5EEC4B99EE /* Pods */,
				2A74AD0B3B776D9C4D9B5227 /* Frameworks */,
			);
			sourceTree = "<group>";
		};
		EACD4CC21DCBA0C000431684 /* Products */ = {
			isa = PBXGroup;
			children = (
				EACD4CC11DCBA0C000431684 /* ProjectRide.app */,
				EACD4CD51DCBA0C000431684 /* ProjectRideTests.xctest */,
			);
			name = Products;
			sourceTree = "<group>";
		};
		EACD4CC31DCBA0C000431684 /* ProjectRide */ = {
			isa = PBXGroup;
			children = (
				EA76F2981DCCC86F000D5814 /* Api */,
				EACD4CC41DCBA0C000431684 /* AppDelegate.swift */,
				EACD4CC61DCBA0C000431684 /* ViewController.swift */,
				EACD4CC81DCBA0C000431684 /* Main.storyboard */,
				EACD4CCB1DCBA0C000431684 /* Assets.xcassets */,
				EACD4CCD1DCBA0C000431684 /* LaunchScreen.storyboard */,
				EACD4CD01DCBA0C000431684 /* Info.plist */,
			);
			path = ProjectRide;
			sourceTree = "<group>";
		};
		EACD4CD81DCBA0C000431684 /* ProjectRideTests */ = {
			isa = PBXGroup;
			children = (
				EACD4CD91DCBA0C000431684 /* ProjectRideTests.swift */,
				EA76F29B1DCCF4A4000D5814 /* UserTest.swift */,
				EA57810A1DD0D3AB003170B3 /* CarTests.swift */,
				EACD4CDB1DCBA0C000431684 /* Info.plist */,
			);
			path = ProjectRideTests;
			sourceTree = "<group>";
		};
/* End PBXGroup section */

/* Begin PBXNativeTarget section */
		EACD4CC01DCBA0C000431684 /* ProjectRide */ = {
			isa = PBXNativeTarget;
			buildConfigurationList = EACD4CDE1DCBA0C000431684 /* Build configuration list for PBXNativeTarget "ProjectRide" */;
			buildPhases = (
				FC379894FEFEBC93273EA5B6 /* [CP] Check Pods Manifest.lock */,
				EACD4CBD1DCBA0C000431684 /* Sources */,
				EACD4CBE1DCBA0C000431684 /* Frameworks */,
				EACD4CBF1DCBA0C000431684 /* Resources */,
				8FE0856C922B2BCDE5F2BB65 /* [CP] Embed Pods Frameworks */,
				BA2B3359E1B1F901B0CE8C3D /* [CP] Copy Pods Resources */,
				EA76F29D1DCE13A5000D5814 /* Swiftlint */,
			);
			buildRules = (
			);
			dependencies = (
			);
			name = ProjectRide;
			productName = ProjectRide;
			productReference = EACD4CC11DCBA0C000431684 /* ProjectRide.app */;
			productType = "com.apple.product-type.application";
		};
		EACD4CD41DCBA0C000431684 /* ProjectRideTests */ = {
			isa = PBXNativeTarget;
			buildConfigurationList = EACD4CE11DCBA0C000431684 /* Build configuration list for PBXNativeTarget "ProjectRideTests" */;
			buildPhases = (
				E834B6119D76FB4991801796 /* [CP] Check Pods Manifest.lock */,
				EACD4CD11DCBA0C000431684 /* Sources */,
				EACD4CD21DCBA0C000431684 /* Frameworks */,
				EACD4CD31DCBA0C000431684 /* Resources */,
				7FFB4C390431F02EF2637718 /* [CP] Embed Pods Frameworks */,
				D3DB3D07E2666B075B72E1AA /* [CP] Copy Pods Resources */,
			);
			buildRules = (
			);
			dependencies = (
				EACD4CD71DCBA0C000431684 /* PBXTargetDependency */,
			);
			name = ProjectRideTests;
			productName = ProjectRideTests;
			productReference = EACD4CD51DCBA0C000431684 /* ProjectRideTests.xctest */;
			productType = "com.apple.product-type.bundle.unit-test";
		};
/* End PBXNativeTarget section */

/* Begin PBXProject section */
		EACD4CB91DCBA0C000431684 /* Project object */ = {
			isa = PBXProject;
			attributes = {
				LastSwiftUpdateCheck = 0800;
				LastUpgradeCheck = 0800;
				ORGANIZATIONNAME = "Yannick Winter";
				TargetAttributes = {
					EACD4CC01DCBA0C000431684 = {
						CreatedOnToolsVersion = 8.0;
						DevelopmentTeam = 54EZ7X28X3;
						ProvisioningStyle = Automatic;
					};
					EACD4CD41DCBA0C000431684 = {
						CreatedOnToolsVersion = 8.0;
						DevelopmentTeam = 54EZ7X28X3;
						ProvisioningStyle = Automatic;
						TestTargetID = EACD4CC01DCBA0C000431684;
					};
				};
			};
			buildConfigurationList = EACD4CBC1DCBA0C000431684 /* Build configuration list for PBXProject "ProjectRide" */;
			compatibilityVersion = "Xcode 3.2";
			developmentRegion = English;
			hasScannedForEncodings = 0;
			knownRegions = (
				en,
				Base,
			);
			mainGroup = EACD4CB81DCBA0C000431684;
			productRefGroup = EACD4CC21DCBA0C000431684 /* Products */;
			projectDirPath = "";
			projectRoot = "";
			targets = (
				EACD4CC01DCBA0C000431684 /* ProjectRide */,
				EACD4CD41DCBA0C000431684 /* ProjectRideTests */,
			);
		};
/* End PBXProject section */

/* Begin PBXResourcesBuildPhase section */
		EACD4CBF1DCBA0C000431684 /* Resources */ = {
			isa = PBXResourcesBuildPhase;
			buildActionMask = 2147483647;
			files = (
				EACD4CCF1DCBA0C000431684 /* LaunchScreen.storyboard in Resources */,
				EACD4CCC1DCBA0C000431684 /* Assets.xcassets in Resources */,
				EACD4CCA1DCBA0C000431684 /* Main.storyboard in Resources */,
			);
			runOnlyForDeploymentPostprocessing = 0;
		};
		EACD4CD31DCBA0C000431684 /* Resources */ = {
			isa = PBXResourcesBuildPhase;
			buildActionMask = 2147483647;
			files = (
			);
			runOnlyForDeploymentPostprocessing = 0;
		};
/* End PBXResourcesBuildPhase section */

/* Begin PBXShellScriptBuildPhase section */
		7FFB4C390431F02EF2637718 /* [CP] Embed Pods Frameworks */ = {
			isa = PBXShellScriptBuildPhase;
			buildActionMask = 2147483647;
			files = (
			);
			inputPaths = (
			);
			name = "[CP] Embed Pods Frameworks";
			outputPaths = (
			);
			runOnlyForDeploymentPostprocessing = 0;
			shellPath = /bin/sh;
			shellScript = "\"${SRCROOT}/Pods/Target Support Files/Pods-ProjectRideTests/Pods-ProjectRideTests-frameworks.sh\"\n";
			showEnvVarsInLog = 0;
		};
		8FE0856C922B2BCDE5F2BB65 /* [CP] Embed Pods Frameworks */ = {
			isa = PBXShellScriptBuildPhase;
			buildActionMask = 2147483647;
			files = (
			);
			inputPaths = (
			);
			name = "[CP] Embed Pods Frameworks";
			outputPaths = (
			);
			runOnlyForDeploymentPostprocessing = 0;
			shellPath = /bin/sh;
			shellScript = "\"${SRCROOT}/Pods/Target Support Files/Pods-ProjectRide/Pods-ProjectRide-frameworks.sh\"\n";
			showEnvVarsInLog = 0;
		};
		BA2B3359E1B1F901B0CE8C3D /* [CP] Copy Pods Resources */ = {
			isa = PBXShellScriptBuildPhase;
			buildActionMask = 2147483647;
			files = (
			);
			inputPaths = (
			);
			name = "[CP] Copy Pods Resources";
			outputPaths = (
			);
			runOnlyForDeploymentPostprocessing = 0;
			shellPath = /bin/sh;
			shellScript = "\"${SRCROOT}/Pods/Target Support Files/Pods-ProjectRide/Pods-ProjectRide-resources.sh\"\n";
			showEnvVarsInLog = 0;
		};
		D3DB3D07E2666B075B72E1AA /* [CP] Copy Pods Resources */ = {
			isa = PBXShellScriptBuildPhase;
			buildActionMask = 2147483647;
			files = (
			);
			inputPaths = (
			);
			name = "[CP] Copy Pods Resources";
			outputPaths = (
			);
			runOnlyForDeploymentPostprocessing = 0;
			shellPath = /bin/sh;
			shellScript = "\"${SRCROOT}/Pods/Target Support Files/Pods-ProjectRideTests/Pods-ProjectRideTests-resources.sh\"\n";
			showEnvVarsInLog = 0;
		};
		E834B6119D76FB4991801796 /* [CP] Check Pods Manifest.lock */ = {
			isa = PBXShellScriptBuildPhase;
			buildActionMask = 2147483647;
			files = (
			);
			inputPaths = (
			);
			name = "[CP] Check Pods Manifest.lock";
			outputPaths = (
			);
			runOnlyForDeploymentPostprocessing = 0;
			shellPath = /bin/sh;
			shellScript = "diff \"${PODS_ROOT}/../Podfile.lock\" \"${PODS_ROOT}/Manifest.lock\" > /dev/null\nif [ $? != 0 ] ; then\n    # print error to STDERR\n    echo \"error: The sandbox is not in sync with the Podfile.lock. Run 'pod install' or update your CocoaPods installation.\" >&2\n    exit 1\nfi\n";
			showEnvVarsInLog = 0;
		};
		EA76F29D1DCE13A5000D5814 /* Swiftlint */ = {
			isa = PBXShellScriptBuildPhase;
			buildActionMask = 2147483647;
			files = (
			);
			inputPaths = (
			);
			name = Swiftlint;
			outputPaths = (
			);
			runOnlyForDeploymentPostprocessing = 0;
			shellPath = /bin/sh;
			shellScript = "if which swiftlint >/dev/null; then\nswiftlint autocorrect --config .swiftlint.yml\nswiftlint lint --config .swiftlint.yml\nelse\necho \"warning: SwiftLint not installed, download from https://github.com/realm/SwiftLint\"\nfi";
		};
		FC379894FEFEBC93273EA5B6 /* [CP] Check Pods Manifest.lock */ = {
			isa = PBXShellScriptBuildPhase;
			buildActionMask = 2147483647;
			files = (
			);
			inputPaths = (
			);
			name = "[CP] Check Pods Manifest.lock";
			outputPaths = (
			);
			runOnlyForDeploymentPostprocessing = 0;
			shellPath = /bin/sh;
			shellScript = "diff \"${PODS_ROOT}/../Podfile.lock\" \"${PODS_ROOT}/Manifest.lock\" > /dev/null\nif [ $? != 0 ] ; then\n    # print error to STDERR\n    echo \"error: The sandbox is not in sync with the Podfile.lock. Run 'pod install' or update your CocoaPods installation.\" >&2\n    exit 1\nfi\n";
			showEnvVarsInLog = 0;
		};
/* End PBXShellScriptBuildPhase section */

/* Begin PBXSourcesBuildPhase section */
		EACD4CBD1DCBA0C000431684 /* Sources */ = {
			isa = PBXSourcesBuildPhase;
			buildActionMask = 2147483647;
			files = (
				EA5781071DD0D330003170B3 /* Entity.swift in Sources */,
				EACD4CC71DCBA0C000431684 /* ViewController.swift in Sources */,
				EA5781091DD0D376003170B3 /* Car.swift in Sources */,
				EACD4CC51DCBA0C000431684 /* AppDelegate.swift in Sources */,
				EA76F29A1DCCC879000D5814 /* User.swift in Sources */,
			);
			runOnlyForDeploymentPostprocessing = 0;
		};
		EACD4CD11DCBA0C000431684 /* Sources */ = {
			isa = PBXSourcesBuildPhase;
			buildActionMask = 2147483647;
			files = (
				EA57810B1DD0D3AB003170B3 /* CarTests.swift in Sources */,
				EA76F29C1DCCF4A4000D5814 /* UserTest.swift in Sources */,
				EACD4CDA1DCBA0C000431684 /* ProjectRideTests.swift in Sources */,
			);
			runOnlyForDeploymentPostprocessing = 0;
		};
/* End PBXSourcesBuildPhase section */

/* Begin PBXTargetDependency section */
		EACD4CD71DCBA0C000431684 /* PBXTargetDependency */ = {
			isa = PBXTargetDependency;
			target = EACD4CC01DCBA0C000431684 /* ProjectRide */;
			targetProxy = EACD4CD61DCBA0C000431684 /* PBXContainerItemProxy */;
		};
/* End PBXTargetDependency section */

/* Begin PBXVariantGroup section */
		EACD4CC81DCBA0C000431684 /* Main.storyboard */ = {
			isa = PBXVariantGroup;
			children = (
				EACD4CC91DCBA0C000431684 /* Base */,
			);
			name = Main.storyboard;
			sourceTree = "<group>";
		};
		EACD4CCD1DCBA0C000431684 /* LaunchScreen.storyboard */ = {
			isa = PBXVariantGroup;
			children = (
				EACD4CCE1DCBA0C000431684 /* Base */,
			);
			name = LaunchScreen.storyboard;
			sourceTree = "<group>";
		};
/* End PBXVariantGroup section */

/* Begin XCBuildConfiguration section */
		EACD4CDC1DCBA0C000431684 /* Debug */ = {
			isa = XCBuildConfiguration;
			buildSettings = {
				ALWAYS_SEARCH_USER_PATHS = NO;
				CLANG_ANALYZER_NONNULL = YES;
				CLANG_CXX_LANGUAGE_STANDARD = "gnu++0x";
				CLANG_CXX_LIBRARY = "libc++";
				CLANG_ENABLE_MODULES = YES;
				CLANG_ENABLE_OBJC_ARC = YES;
				CLANG_WARN_BOOL_CONVERSION = YES;
				CLANG_WARN_CONSTANT_CONVERSION = YES;
				CLANG_WARN_DIRECT_OBJC_ISA_USAGE = YES_ERROR;
				CLANG_WARN_DOCUMENTATION_COMMENTS = YES;
				CLANG_WARN_EMPTY_BODY = YES;
				CLANG_WARN_ENUM_CONVERSION = YES;
				CLANG_WARN_INFINITE_RECURSION = YES;
				CLANG_WARN_INT_CONVERSION = YES;
				CLANG_WARN_OBJC_ROOT_CLASS = YES_ERROR;
				CLANG_WARN_SUSPICIOUS_MOVE = YES;
				CLANG_WARN_SUSPICIOUS_MOVES = YES;
				CLANG_WARN_UNREACHABLE_CODE = YES;
				CLANG_WARN__DUPLICATE_METHOD_MATCH = YES;
				"CODE_SIGN_IDENTITY[sdk=iphoneos*]" = "iPhone Developer";
				COPY_PHASE_STRIP = NO;
				DEBUG_INFORMATION_FORMAT = dwarf;
				ENABLE_STRICT_OBJC_MSGSEND = YES;
				ENABLE_TESTABILITY = YES;
				GCC_C_LANGUAGE_STANDARD = gnu99;
				GCC_DYNAMIC_NO_PIC = NO;
				GCC_NO_COMMON_BLOCKS = YES;
				GCC_OPTIMIZATION_LEVEL = 0;
				GCC_PREPROCESSOR_DEFINITIONS = (
					"DEBUG=1",
					"$(inherited)",
				);
				GCC_WARN_64_TO_32_BIT_CONVERSION = YES;
				GCC_WARN_ABOUT_RETURN_TYPE = YES_ERROR;
				GCC_WARN_UNDECLARED_SELECTOR = YES;
				GCC_WARN_UNINITIALIZED_AUTOS = YES_AGGRESSIVE;
				GCC_WARN_UNUSED_FUNCTION = YES;
				GCC_WARN_UNUSED_VARIABLE = YES;
				IPHONEOS_DEPLOYMENT_TARGET = 10.0;
				MTL_ENABLE_DEBUG_INFO = YES;
				ONLY_ACTIVE_ARCH = YES;
				SDKROOT = iphoneos;
				SWIFT_ACTIVE_COMPILATION_CONDITIONS = DEBUG;
				SWIFT_OPTIMIZATION_LEVEL = "-Onone";
			};
			name = Debug;
		};
		EACD4CDD1DCBA0C000431684 /* Release */ = {
			isa = XCBuildConfiguration;
			buildSettings = {
				ALWAYS_SEARCH_USER_PATHS = NO;
				CLANG_ANALYZER_NONNULL = YES;
				CLANG_CXX_LANGUAGE_STANDARD = "gnu++0x";
				CLANG_CXX_LIBRARY = "libc++";
				CLANG_ENABLE_MODULES = YES;
				CLANG_ENABLE_OBJC_ARC = YES;
				CLANG_WARN_BOOL_CONVERSION = YES;
				CLANG_WARN_CONSTANT_CONVERSION = YES;
				CLANG_WARN_DIRECT_OBJC_ISA_USAGE = YES_ERROR;
				CLANG_WARN_DOCUMENTATION_COMMENTS = YES;
				CLANG_WARN_EMPTY_BODY = YES;
				CLANG_WARN_ENUM_CONVERSION = YES;
				CLANG_WARN_INFINITE_RECURSION = YES;
				CLANG_WARN_INT_CONVERSION = YES;
				CLANG_WARN_OBJC_ROOT_CLASS = YES_ERROR;
				CLANG_WARN_SUSPICIOUS_MOVE = YES;
				CLANG_WARN_SUSPICIOUS_MOVES = YES;
				CLANG_WARN_UNREACHABLE_CODE = YES;
				CLANG_WARN__DUPLICATE_METHOD_MATCH = YES;
				"CODE_SIGN_IDENTITY[sdk=iphoneos*]" = "iPhone Developer";
				COPY_PHASE_STRIP = NO;
				DEBUG_INFORMATION_FORMAT = "dwarf-with-dsym";
				ENABLE_NS_ASSERTIONS = NO;
				ENABLE_STRICT_OBJC_MSGSEND = YES;
				GCC_C_LANGUAGE_STANDARD = gnu99;
				GCC_NO_COMMON_BLOCKS = YES;
				GCC_WARN_64_TO_32_BIT_CONVERSION = YES;
				GCC_WARN_ABOUT_RETURN_TYPE = YES_ERROR;
				GCC_WARN_UNDECLARED_SELECTOR = YES;
				GCC_WARN_UNINITIALIZED_AUTOS = YES_AGGRESSIVE;
				GCC_WARN_UNUSED_FUNCTION = YES;
				GCC_WARN_UNUSED_VARIABLE = YES;
				IPHONEOS_DEPLOYMENT_TARGET = 10.0;
				MTL_ENABLE_DEBUG_INFO = NO;
				SDKROOT = iphoneos;
				SWIFT_OPTIMIZATION_LEVEL = "-Owholemodule";
				VALIDATE_PRODUCT = YES;
			};
			name = Release;
		};
		EACD4CDF1DCBA0C000431684 /* Debug */ = {
			isa = XCBuildConfiguration;
			baseConfigurationReference = 9D4AD32B2AEDA5D827EEE471 /* Pods-ProjectRide.debug.xcconfig */;
			buildSettings = {
				ALWAYS_EMBED_SWIFT_STANDARD_LIBRARIES = YES;
				ASSETCATALOG_COMPILER_APPICON_NAME = AppIcon;
				DEVELOPMENT_TEAM = 54EZ7X28X3;
				INFOPLIST_FILE = ProjectRide/Info.plist;
				LD_RUNPATH_SEARCH_PATHS = "$(inherited) @executable_path/Frameworks";
				PRODUCT_BUNDLE_IDENTIFIER = com.projectRide.ProjectRide;
				PRODUCT_NAME = "$(TARGET_NAME)";
				SWIFT_VERSION = 3.0;
			};
			name = Debug;
		};
		EACD4CE01DCBA0C000431684 /* Release */ = {
			isa = XCBuildConfiguration;
			baseConfigurationReference = AF56DCE8A2DF8B2445137836 /* Pods-ProjectRide.release.xcconfig */;
			buildSettings = {
				ALWAYS_EMBED_SWIFT_STANDARD_LIBRARIES = YES;
				ASSETCATALOG_COMPILER_APPICON_NAME = AppIcon;
				DEVELOPMENT_TEAM = 54EZ7X28X3;
				INFOPLIST_FILE = ProjectRide/Info.plist;
				LD_RUNPATH_SEARCH_PATHS = "$(inherited) @executable_path/Frameworks";
				PRODUCT_BUNDLE_IDENTIFIER = com.projectRide.ProjectRide;
				PRODUCT_NAME = "$(TARGET_NAME)";
				SWIFT_VERSION = 3.0;
			};
			name = Release;
		};
		EACD4CE21DCBA0C000431684 /* Debug */ = {
			isa = XCBuildConfiguration;
			baseConfigurationReference = C69173FA6CD369A6E24F77D2 /* Pods-ProjectRideTests.debug.xcconfig */;
			buildSettings = {
				ALWAYS_EMBED_SWIFT_STANDARD_LIBRARIES = YES;
				BUNDLE_LOADER = "$(TEST_HOST)";
				DEVELOPMENT_TEAM = 54EZ7X28X3;
				INFOPLIST_FILE = ProjectRideTests/Info.plist;
				LD_RUNPATH_SEARCH_PATHS = "$(inherited) @executable_path/Frameworks @loader_path/Frameworks";
				PRODUCT_BUNDLE_IDENTIFIER = com.projectRide.ProjectRideTests;
				PRODUCT_NAME = "$(TARGET_NAME)";
				SWIFT_VERSION = 3.0;
				TEST_HOST = "$(BUILT_PRODUCTS_DIR)/ProjectRide.app/ProjectRide";
			};
			name = Debug;
		};
		EACD4CE31DCBA0C000431684 /* Release */ = {
			isa = XCBuildConfiguration;
			baseConfigurationReference = C0685A764ACBB2D1DD5150F5 /* Pods-ProjectRideTests.release.xcconfig */;
			buildSettings = {
				ALWAYS_EMBED_SWIFT_STANDARD_LIBRARIES = YES;
				BUNDLE_LOADER = "$(TEST_HOST)";
				DEVELOPMENT_TEAM = 54EZ7X28X3;
				INFOPLIST_FILE = ProjectRideTests/Info.plist;
				LD_RUNPATH_SEARCH_PATHS = "$(inherited) @executable_path/Frameworks @loader_path/Frameworks";
				PRODUCT_BUNDLE_IDENTIFIER = com.projectRide.ProjectRideTests;
				PRODUCT_NAME = "$(TARGET_NAME)";
				SWIFT_VERSION = 3.0;
				TEST_HOST = "$(BUILT_PRODUCTS_DIR)/ProjectRide.app/ProjectRide";
			};
			name = Release;
		};
/* End XCBuildConfiguration section */

/* Begin XCConfigurationList section */
		EACD4CBC1DCBA0C000431684 /* Build configuration list for PBXProject "ProjectRide" */ = {
			isa = XCConfigurationList;
			buildConfigurations = (
				EACD4CDC1DCBA0C000431684 /* Debug */,
				EACD4CDD1DCBA0C000431684 /* Release */,
			);
			defaultConfigurationIsVisible = 0;
			defaultConfigurationName = Release;
		};
		EACD4CDE1DCBA0C000431684 /* Build configuration list for PBXNativeTarget "ProjectRide" */ = {
			isa = XCConfigurationList;
			buildConfigurations = (
				EACD4CDF1DCBA0C000431684 /* Debug */,
				EACD4CE01DCBA0C000431684 /* Release */,
			);
			defaultConfigurationIsVisible = 0;
			defaultConfigurationName = Release;
		};
		EACD4CE11DCBA0C000431684 /* Build configuration list for PBXNativeTarget "ProjectRideTests" */ = {
			isa = XCConfigurationList;
			buildConfigurations = (
				EACD4CE21DCBA0C000431684 /* Debug */,
				EACD4CE31DCBA0C000431684 /* Release */,
			);
			defaultConfigurationIsVisible = 0;
			defaultConfigurationName = Release;
		};
/* End XCConfigurationList section */
	};
	rootObject = EACD4CB91DCBA0C000431684 /* Project object */;
}
